// !$*UTF8*$!
{
	archiveVersion = 1;
	classes = {
	};
	objectVersion = 46;
	objects = {

/* Begin PBXBuildFile section */
		5069CB2E215993C1000B842A /* ParticleNetwork.h in Headers */ = {isa = PBXBuildFile; fileRef = 5069CB2C215993C1000B842A /* ParticleNetwork.h */; settings = {ATTRIBUTES = (Public, ); }; };
		5069CB2F215993C1000B842A /* ParticleNetwork.m in Sources */ = {isa = PBXBuildFile; fileRef = 5069CB2D215993C1000B842A /* ParticleNetwork.m */; };
		5069CB30215993D5000B842A /* ParticleNetwork.h in Headers */ = {isa = PBXBuildFile; fileRef = 5069CB2C215993C1000B842A /* ParticleNetwork.h */; settings = {ATTRIBUTES = (Public, ); }; };
		5069CB4C215F3756000B842A /* ParticleNetwork.m in Sources */ = {isa = PBXBuildFile; fileRef = 5069CB2D215993C1000B842A /* ParticleNetwork.m */; };
		604F6CF16FFFB58A8C6C685C /* libPods-ParticleSDKPods.a in Frameworks */ = {isa = PBXBuildFile; fileRef = 1BA016110586E35DA989AB67 /* libPods-ParticleSDKPods.a */; };
		9305F5A9239FB25F00F3620F /* ParticleCloudTests.swift in Sources */ = {isa = PBXBuildFile; fileRef = 9305F5A8239FB25F00F3620F /* ParticleCloudTests.swift */; };
		9305F5AC23A1319700F3620F /* ParticleSessionTests.swift in Sources */ = {isa = PBXBuildFile; fileRef = 9305F5AB23A1319700F3620F /* ParticleSessionTests.swift */; };
		930EECBB2397F7A00043D980 /* ParticleSDK.framework in Frameworks */ = {isa = PBXBuildFile; fileRef = 93944D85210BAF6F00C2DC16 /* ParticleSDK.framework */; };
		930EECC12397F7AC0043D980 /* KeychainHelperTests.m in Sources */ = {isa = PBXBuildFile; fileRef = 9358DA3720FE2241003FF8DC /* KeychainHelperTests.m */; };
		930EECC22397F7AC0043D980 /* ParticleErrorHelperTests.m in Sources */ = {isa = PBXBuildFile; fileRef = 93E849B820F795A000CBEFEC /* ParticleErrorHelperTests.m */; };
		930EECEA2397FA1A0043D980 /* AppDelegate.m in Sources */ = {isa = PBXBuildFile; fileRef = 930EECE92397FA1A0043D980 /* AppDelegate.m */; };
		930EECED2397FA1A0043D980 /* SceneDelegate.m in Sources */ = {isa = PBXBuildFile; fileRef = 930EECEC2397FA1A0043D980 /* SceneDelegate.m */; };
		930EECF02397FA1A0043D980 /* ViewController.m in Sources */ = {isa = PBXBuildFile; fileRef = 930EECEF2397FA1A0043D980 /* ViewController.m */; };
		930EECF32397FA1A0043D980 /* Main.storyboard in Resources */ = {isa = PBXBuildFile; fileRef = 930EECF12397FA1A0043D980 /* Main.storyboard */; };
		930EECF52397FA1B0043D980 /* Assets.xcassets in Resources */ = {isa = PBXBuildFile; fileRef = 930EECF42397FA1B0043D980 /* Assets.xcassets */; };
		930EECF82397FA1B0043D980 /* LaunchScreen.storyboard in Resources */ = {isa = PBXBuildFile; fileRef = 930EECF62397FA1B0043D980 /* LaunchScreen.storyboard */; };
		930EECFB2397FA1B0043D980 /* main.m in Sources */ = {isa = PBXBuildFile; fileRef = 930EECFA2397FA1B0043D980 /* main.m */; };
		9352CD33210B8268005EB505 /* KeychainHelper.m in Sources */ = {isa = PBXBuildFile; fileRef = 93F9744D20EA7F2200015D9D /* KeychainHelper.m */; };
		9352CD34210B8268005EB505 /* EventSource.m in Sources */ = {isa = PBXBuildFile; fileRef = 93F9744E20EA7F2200015D9D /* EventSource.m */; };
		9352CD35210B8268005EB505 /* ParticleErrorHelper.m in Sources */ = {isa = PBXBuildFile; fileRef = C810B0BB68419CEE10A16B09 /* ParticleErrorHelper.m */; };
		9352CD36210B8268005EB505 /* ParticleCloud.m in Sources */ = {isa = PBXBuildFile; fileRef = C810BC3A57532BFB19C44AC1 /* ParticleCloud.m */; };
		9352CD37210B8268005EB505 /* ParticleDevice.m in Sources */ = {isa = PBXBuildFile; fileRef = C810BDEC8CD2D616568D2306 /* ParticleDevice.m */; };
		9352CD38210B8268005EB505 /* ParticleEvent.m in Sources */ = {isa = PBXBuildFile; fileRef = C810B0CE042954AC880666F8 /* ParticleEvent.m */; };
		9352CD39210B8268005EB505 /* ParticleSession.m in Sources */ = {isa = PBXBuildFile; fileRef = C810BD319450F917EFD70A65 /* ParticleSession.m */; };
		9352CD3D210B8268005EB505 /* ParticleErrorHelper.h in Headers */ = {isa = PBXBuildFile; fileRef = C810B035D36C9EB63EF1A92F /* ParticleErrorHelper.h */; settings = {ATTRIBUTES = (Public, ); }; };
		9352CD3E210B8268005EB505 /* ParticleSDK.h in Headers */ = {isa = PBXBuildFile; fileRef = 93F9743820EA7E5600015D9D /* ParticleSDK.h */; settings = {ATTRIBUTES = (Public, ); }; };
		9352CD3F210B8268005EB505 /* EventSource.h in Headers */ = {isa = PBXBuildFile; fileRef = 93F9744B20EA7F2200015D9D /* EventSource.h */; settings = {ATTRIBUTES = (Public, ); }; };
		9352CD40210B8268005EB505 /* KeychainHelper.h in Headers */ = {isa = PBXBuildFile; fileRef = 93F9744C20EA7F2200015D9D /* KeychainHelper.h */; settings = {ATTRIBUTES = (Public, ); }; };
		9352CD41210B8268005EB505 /* ParticleCloud.h in Headers */ = {isa = PBXBuildFile; fileRef = C810B01CA34C4A6C2000B1A2 /* ParticleCloud.h */; settings = {ATTRIBUTES = (Public, ); }; };
		9352CD42210B8268005EB505 /* ParticleDevice.h in Headers */ = {isa = PBXBuildFile; fileRef = C810B1E6CEE43B372124F091 /* ParticleDevice.h */; settings = {ATTRIBUTES = (Public, ); }; };
		9352CD43210B8268005EB505 /* ParticleEvent.h in Headers */ = {isa = PBXBuildFile; fileRef = C810BAC24A15FB7B56D7B06E /* ParticleEvent.h */; settings = {ATTRIBUTES = (Public, ); }; };
		9352CD44210B8268005EB505 /* ParticleSession.h in Headers */ = {isa = PBXBuildFile; fileRef = C810B8244DD5E3F514CE68DA /* ParticleSession.h */; settings = {ATTRIBUTES = (Public, ); }; };
		93536EAF2257CFEC00A65A94 /* ParticleSimInfo.m in Sources */ = {isa = PBXBuildFile; fileRef = 93536EAD2257CFEC00A65A94 /* ParticleSimInfo.m */; };
		93536EB02257CFEC00A65A94 /* ParticleSimInfo.m in Sources */ = {isa = PBXBuildFile; fileRef = 93536EAD2257CFEC00A65A94 /* ParticleSimInfo.m */; };
		93536EB12257CFEC00A65A94 /* ParticleSimInfo.h in Headers */ = {isa = PBXBuildFile; fileRef = 93536EAE2257CFEC00A65A94 /* ParticleSimInfo.h */; settings = {ATTRIBUTES = (Public, ); }; };
		93536EB22257CFEC00A65A94 /* ParticleSimInfo.h in Headers */ = {isa = PBXBuildFile; fileRef = 93536EAE2257CFEC00A65A94 /* ParticleSimInfo.h */; settings = {ATTRIBUTES = (Public, ); }; };
		936F14C3210B986A0095A12F /* AFNetworking.framework in Frameworks */ = {isa = PBXBuildFile; fileRef = 93B6689C2109F90700DFF793 /* AFNetworking.framework */; };
		93944D6E210BAF6F00C2DC16 /* KeychainHelper.m in Sources */ = {isa = PBXBuildFile; fileRef = 93F9744D20EA7F2200015D9D /* KeychainHelper.m */; };
		93944D6F210BAF6F00C2DC16 /* EventSource.m in Sources */ = {isa = PBXBuildFile; fileRef = 93F9744E20EA7F2200015D9D /* EventSource.m */; };
		93944D70210BAF6F00C2DC16 /* ParticleErrorHelper.m in Sources */ = {isa = PBXBuildFile; fileRef = C810B0BB68419CEE10A16B09 /* ParticleErrorHelper.m */; };
		93944D71210BAF6F00C2DC16 /* ParticleCloud.m in Sources */ = {isa = PBXBuildFile; fileRef = C810BC3A57532BFB19C44AC1 /* ParticleCloud.m */; };
		93944D72210BAF6F00C2DC16 /* ParticleDevice.m in Sources */ = {isa = PBXBuildFile; fileRef = C810BDEC8CD2D616568D2306 /* ParticleDevice.m */; };
		93944D73210BAF6F00C2DC16 /* ParticleEvent.m in Sources */ = {isa = PBXBuildFile; fileRef = C810B0CE042954AC880666F8 /* ParticleEvent.m */; };
		93944D74210BAF6F00C2DC16 /* ParticleSession.m in Sources */ = {isa = PBXBuildFile; fileRef = C810BD319450F917EFD70A65 /* ParticleSession.m */; };
		93944D78210BAF6F00C2DC16 /* ParticleErrorHelper.h in Headers */ = {isa = PBXBuildFile; fileRef = C810B035D36C9EB63EF1A92F /* ParticleErrorHelper.h */; settings = {ATTRIBUTES = (Public, ); }; };
		93944D79210BAF6F00C2DC16 /* ParticleSDK.h in Headers */ = {isa = PBXBuildFile; fileRef = 93F9743820EA7E5600015D9D /* ParticleSDK.h */; settings = {ATTRIBUTES = (Public, ); }; };
		93944D7A210BAF6F00C2DC16 /* EventSource.h in Headers */ = {isa = PBXBuildFile; fileRef = 93F9744B20EA7F2200015D9D /* EventSource.h */; settings = {ATTRIBUTES = (Public, ); }; };
		93944D7B210BAF6F00C2DC16 /* KeychainHelper.h in Headers */ = {isa = PBXBuildFile; fileRef = 93F9744C20EA7F2200015D9D /* KeychainHelper.h */; settings = {ATTRIBUTES = (Public, ); }; };
		93944D7C210BAF6F00C2DC16 /* ParticleCloud.h in Headers */ = {isa = PBXBuildFile; fileRef = C810B01CA34C4A6C2000B1A2 /* ParticleCloud.h */; settings = {ATTRIBUTES = (Public, ); }; };
		93944D7D210BAF6F00C2DC16 /* ParticleDevice.h in Headers */ = {isa = PBXBuildFile; fileRef = C810B1E6CEE43B372124F091 /* ParticleDevice.h */; settings = {ATTRIBUTES = (Public, ); }; };
		93944D7E210BAF6F00C2DC16 /* ParticleEvent.h in Headers */ = {isa = PBXBuildFile; fileRef = C810BAC24A15FB7B56D7B06E /* ParticleEvent.h */; settings = {ATTRIBUTES = (Public, ); }; };
		93944D7F210BAF6F00C2DC16 /* ParticleSession.h in Headers */ = {isa = PBXBuildFile; fileRef = C810B8244DD5E3F514CE68DA /* ParticleSession.h */; settings = {ATTRIBUTES = (Public, ); }; };
		939CA80421AD906D00A5ED93 /* ParticleLogger.h in Headers */ = {isa = PBXBuildFile; fileRef = 939CA80221AD906D00A5ED93 /* ParticleLogger.h */; settings = {ATTRIBUTES = (Public, ); }; };
		939CA80521AD906D00A5ED93 /* ParticleLogger.h in Headers */ = {isa = PBXBuildFile; fileRef = 939CA80221AD906D00A5ED93 /* ParticleLogger.h */; settings = {ATTRIBUTES = (Public, ); }; };
		939CA80621AD906D00A5ED93 /* ParticleLogger.m in Sources */ = {isa = PBXBuildFile; fileRef = 939CA80321AD906D00A5ED93 /* ParticleLogger.m */; };
		939CA80721AD906D00A5ED93 /* ParticleLogger.m in Sources */ = {isa = PBXBuildFile; fileRef = 939CA80321AD906D00A5ED93 /* ParticleLogger.m */; };
		93B0F83E2180D17C00D8F8C0 /* ParticlePricingInfo.h in Headers */ = {isa = PBXBuildFile; fileRef = 93B0F83C2180D17C00D8F8C0 /* ParticlePricingInfo.h */; settings = {ATTRIBUTES = (Public, ); }; };
		93B0F83F2180D17C00D8F8C0 /* ParticlePricingInfo.h in Headers */ = {isa = PBXBuildFile; fileRef = 93B0F83C2180D17C00D8F8C0 /* ParticlePricingInfo.h */; settings = {ATTRIBUTES = (Public, ); }; };
		93B0F8402180D17C00D8F8C0 /* ParticlePricingInfo.m in Sources */ = {isa = PBXBuildFile; fileRef = 93B0F83D2180D17C00D8F8C0 /* ParticlePricingInfo.m */; };
		93B0F8412180D17C00D8F8C0 /* ParticlePricingInfo.m in Sources */ = {isa = PBXBuildFile; fileRef = 93B0F83D2180D17C00D8F8C0 /* ParticlePricingInfo.m */; };
		96CEC8BD9E3CA1601FACDB07 /* libPods-ParticleSDKPods-ParticleSDKTests.a in Frameworks */ = {isa = PBXBuildFile; fileRef = 062CEC15EC692AF8217196DA /* libPods-ParticleSDKPods-ParticleSDKTests.a */; };
/* End PBXBuildFile section */

/* Begin PBXContainerItemProxy section */
		930EECBC2397F7A00043D980 /* PBXContainerItemProxy */ = {
			isa = PBXContainerItemProxy;
			containerPortal = 50E840831E95D49C0038ED42 /* Project object */;
			proxyType = 1;
			remoteGlobalIDString = 93944D6C210BAF6F00C2DC16;
			remoteInfo = ParticleSDKPods;
		};
		930EECFF2397FA230043D980 /* PBXContainerItemProxy */ = {
			isa = PBXContainerItemProxy;
			containerPortal = 50E840831E95D49C0038ED42 /* Project object */;
			proxyType = 1;
			remoteGlobalIDString = 930EECE52397FA1A0043D980;
			remoteInfo = ParticleSDKTestsHost;
		};
/* End PBXContainerItemProxy section */

/* Begin PBXFileReference section */
		062CEC15EC692AF8217196DA /* libPods-ParticleSDKPods-ParticleSDKTests.a */ = {isa = PBXFileReference; explicitFileType = archive.ar; includeInIndex = 0; path = "libPods-ParticleSDKPods-ParticleSDKTests.a"; sourceTree = BUILT_PRODUCTS_DIR; };
		1BA016110586E35DA989AB67 /* libPods-ParticleSDKPods.a */ = {isa = PBXFileReference; explicitFileType = archive.ar; includeInIndex = 0; path = "libPods-ParticleSDKPods.a"; sourceTree = BUILT_PRODUCTS_DIR; };
		5069CB2C215993C1000B842A /* ParticleNetwork.h */ = {isa = PBXFileReference; lastKnownFileType = sourcecode.c.h; name = ParticleNetwork.h; path = SDK/ParticleNetwork.h; sourceTree = "<group>"; };
		5069CB2D215993C1000B842A /* ParticleNetwork.m */ = {isa = PBXFileReference; lastKnownFileType = sourcecode.c.objc; name = ParticleNetwork.m; path = SDK/ParticleNetwork.m; sourceTree = "<group>"; };
		703FE20FE4C4BEFB88B42F49 /* Pods-ParticleSDKPods.release.xcconfig */ = {isa = PBXFileReference; includeInIndex = 1; lastKnownFileType = text.xcconfig; name = "Pods-ParticleSDKPods.release.xcconfig"; path = "Target Support Files/Pods-ParticleSDKPods/Pods-ParticleSDKPods.release.xcconfig"; sourceTree = "<group>"; };
		8786FEA8D4397A4B9A515534 /* Pods-ParticleSDKPods-ParticleSDKTests.release.xcconfig */ = {isa = PBXFileReference; includeInIndex = 1; lastKnownFileType = text.xcconfig; name = "Pods-ParticleSDKPods-ParticleSDKTests.release.xcconfig"; path = "Target Support Files/Pods-ParticleSDKPods-ParticleSDKTests/Pods-ParticleSDKPods-ParticleSDKTests.release.xcconfig"; sourceTree = "<group>"; };
		9305F5A7239FB25F00F3620F /* ParticleSDKTests-Bridging-Header.h */ = {isa = PBXFileReference; lastKnownFileType = sourcecode.c.h; path = "ParticleSDKTests-Bridging-Header.h"; sourceTree = "<group>"; };
		9305F5A8239FB25F00F3620F /* ParticleCloudTests.swift */ = {isa = PBXFileReference; lastKnownFileType = sourcecode.swift; path = ParticleCloudTests.swift; sourceTree = "<group>"; };
		9305F5AB23A1319700F3620F /* ParticleSessionTests.swift */ = {isa = PBXFileReference; lastKnownFileType = sourcecode.swift; path = ParticleSessionTests.swift; sourceTree = "<group>"; };
		930EECB62397F7A00043D980 /* ParticleSDKTests.xctest */ = {isa = PBXFileReference; explicitFileType = wrapper.cfbundle; includeInIndex = 0; path = ParticleSDKTests.xctest; sourceTree = BUILT_PRODUCTS_DIR; };
		930EECBA2397F7A00043D980 /* Info.plist */ = {isa = PBXFileReference; lastKnownFileType = text.plist.xml; path = Info.plist; sourceTree = "<group>"; };
		930EECE62397FA1A0043D980 /* ParticleSDKTestsHost.app */ = {isa = PBXFileReference; explicitFileType = wrapper.application; includeInIndex = 0; path = ParticleSDKTestsHost.app; sourceTree = BUILT_PRODUCTS_DIR; };
		930EECE82397FA1A0043D980 /* AppDelegate.h */ = {isa = PBXFileReference; lastKnownFileType = sourcecode.c.h; path = AppDelegate.h; sourceTree = "<group>"; };
		930EECE92397FA1A0043D980 /* AppDelegate.m */ = {isa = PBXFileReference; lastKnownFileType = sourcecode.c.objc; path = AppDelegate.m; sourceTree = "<group>"; };
		930EECEB2397FA1A0043D980 /* SceneDelegate.h */ = {isa = PBXFileReference; lastKnownFileType = sourcecode.c.h; path = SceneDelegate.h; sourceTree = "<group>"; };
		930EECEC2397FA1A0043D980 /* SceneDelegate.m */ = {isa = PBXFileReference; lastKnownFileType = sourcecode.c.objc; path = SceneDelegate.m; sourceTree = "<group>"; };
		930EECEE2397FA1A0043D980 /* ViewController.h */ = {isa = PBXFileReference; lastKnownFileType = sourcecode.c.h; path = ViewController.h; sourceTree = "<group>"; };
		930EECEF2397FA1A0043D980 /* ViewController.m */ = {isa = PBXFileReference; lastKnownFileType = sourcecode.c.objc; path = ViewController.m; sourceTree = "<group>"; };
		930EECF22397FA1A0043D980 /* Base */ = {isa = PBXFileReference; lastKnownFileType = file.storyboard; name = Base; path = Base.lproj/Main.storyboard; sourceTree = "<group>"; };
		930EECF42397FA1B0043D980 /* Assets.xcassets */ = {isa = PBXFileReference; lastKnownFileType = folder.assetcatalog; path = Assets.xcassets; sourceTree = "<group>"; };
		930EECF72397FA1B0043D980 /* Base */ = {isa = PBXFileReference; lastKnownFileType = file.storyboard; name = Base; path = Base.lproj/LaunchScreen.storyboard; sourceTree = "<group>"; };
		930EECF92397FA1B0043D980 /* Info.plist */ = {isa = PBXFileReference; lastKnownFileType = text.plist.xml; path = Info.plist; sourceTree = "<group>"; };
		930EECFA2397FA1B0043D980 /* main.m */ = {isa = PBXFileReference; lastKnownFileType = sourcecode.c.objc; path = main.m; sourceTree = "<group>"; };
		93331581210BA9C800BEFAD9 /* Security.framework */ = {isa = PBXFileReference; lastKnownFileType = wrapper.framework; name = Security.framework; path = System/Library/Frameworks/Security.framework; sourceTree = SDKROOT; };
		9352CD4A210B8268005EB505 /* ParticleSDK.framework */ = {isa = PBXFileReference; explicitFileType = wrapper.framework; includeInIndex = 0; path = ParticleSDK.framework; sourceTree = BUILT_PRODUCTS_DIR; };
		9352CD4C210B8296005EB505 /* InfoPods.plist */ = {isa = PBXFileReference; fileEncoding = 4; lastKnownFileType = text.plist.xml; name = InfoPods.plist; path = Framework/InfoPods.plist; sourceTree = "<group>"; };
		93536EAD2257CFEC00A65A94 /* ParticleSimInfo.m */ = {isa = PBXFileReference; fileEncoding = 4; lastKnownFileType = sourcecode.c.objc; name = ParticleSimInfo.m; path = SDK/ParticleSimInfo.m; sourceTree = "<group>"; };
		93536EAE2257CFEC00A65A94 /* ParticleSimInfo.h */ = {isa = PBXFileReference; fileEncoding = 4; lastKnownFileType = sourcecode.c.h; name = ParticleSimInfo.h; path = SDK/ParticleSimInfo.h; sourceTree = "<group>"; };
		9358DA3720FE2241003FF8DC /* KeychainHelperTests.m */ = {isa = PBXFileReference; lastKnownFileType = sourcecode.c.objc; path = KeychainHelperTests.m; sourceTree = "<group>"; };
		93944D85210BAF6F00C2DC16 /* ParticleSDK.framework */ = {isa = PBXFileReference; explicitFileType = wrapper.framework; includeInIndex = 0; path = ParticleSDK.framework; sourceTree = BUILT_PRODUCTS_DIR; };
		939CA80221AD906D00A5ED93 /* ParticleLogger.h */ = {isa = PBXFileReference; lastKnownFileType = sourcecode.c.h; name = ParticleLogger.h; path = Helpers/ParticleLogger.h; sourceTree = "<group>"; };
		939CA80321AD906D00A5ED93 /* ParticleLogger.m */ = {isa = PBXFileReference; lastKnownFileType = sourcecode.c.objc; name = ParticleLogger.m; path = Helpers/ParticleLogger.m; sourceTree = "<group>"; };
		93B0F83C2180D17C00D8F8C0 /* ParticlePricingInfo.h */ = {isa = PBXFileReference; fileEncoding = 4; lastKnownFileType = sourcecode.c.h; name = ParticlePricingInfo.h; path = SDK/ParticlePricingInfo.h; sourceTree = "<group>"; };
		93B0F83D2180D17C00D8F8C0 /* ParticlePricingInfo.m */ = {isa = PBXFileReference; fileEncoding = 4; lastKnownFileType = sourcecode.c.objc; name = ParticlePricingInfo.m; path = SDK/ParticlePricingInfo.m; sourceTree = "<group>"; };
		93B6689C2109F90700DFF793 /* AFNetworking.framework */ = {isa = PBXFileReference; lastKnownFileType = wrapper.framework; name = AFNetworking.framework; path = Carthage/Build/iOS/AFNetworking.framework; sourceTree = "<group>"; };
		93E849B820F795A000CBEFEC /* ParticleErrorHelperTests.m */ = {isa = PBXFileReference; lastKnownFileType = sourcecode.c.objc; path = ParticleErrorHelperTests.m; sourceTree = "<group>"; };
		93F9743720EA7E5600015D9D /* InfoCarthage.plist */ = {isa = PBXFileReference; fileEncoding = 4; lastKnownFileType = text.plist.xml; name = InfoCarthage.plist; path = Framework/InfoCarthage.plist; sourceTree = SOURCE_ROOT; };
		93F9743820EA7E5600015D9D /* ParticleSDK.h */ = {isa = PBXFileReference; fileEncoding = 4; lastKnownFileType = sourcecode.c.h; name = ParticleSDK.h; path = Framework/ParticleSDK.h; sourceTree = SOURCE_ROOT; };
		93F9744B20EA7F2200015D9D /* EventSource.h */ = {isa = PBXFileReference; fileEncoding = 4; lastKnownFileType = sourcecode.c.h; name = EventSource.h; path = Helpers/EventSource.h; sourceTree = "<group>"; };
		93F9744C20EA7F2200015D9D /* KeychainHelper.h */ = {isa = PBXFileReference; fileEncoding = 4; lastKnownFileType = sourcecode.c.h; name = KeychainHelper.h; path = Helpers/KeychainHelper.h; sourceTree = "<group>"; };
		93F9744D20EA7F2200015D9D /* KeychainHelper.m */ = {isa = PBXFileReference; fileEncoding = 4; lastKnownFileType = sourcecode.c.objc; name = KeychainHelper.m; path = Helpers/KeychainHelper.m; sourceTree = "<group>"; };
		93F9744E20EA7F2200015D9D /* EventSource.m */ = {isa = PBXFileReference; fileEncoding = 4; lastKnownFileType = sourcecode.c.objc; name = EventSource.m; path = Helpers/EventSource.m; sourceTree = "<group>"; };
		93FB8ACA21134A4C00C2CB2B /* Particle-SDK.h */ = {isa = PBXFileReference; lastKnownFileType = sourcecode.c.h; path = "Particle-SDK.h"; sourceTree = "<group>"; };
		B16C42D9726BD9612468A815 /* Pods-ParticleSDKPods-ParticleSDKTests.debug.xcconfig */ = {isa = PBXFileReference; includeInIndex = 1; lastKnownFileType = text.xcconfig; name = "Pods-ParticleSDKPods-ParticleSDKTests.debug.xcconfig"; path = "Target Support Files/Pods-ParticleSDKPods-ParticleSDKTests/Pods-ParticleSDKPods-ParticleSDKTests.debug.xcconfig"; sourceTree = "<group>"; };
		C810B01CA34C4A6C2000B1A2 /* ParticleCloud.h */ = {isa = PBXFileReference; fileEncoding = 4; lastKnownFileType = sourcecode.c.h; name = ParticleCloud.h; path = SDK/ParticleCloud.h; sourceTree = "<group>"; };
		C810B035D36C9EB63EF1A92F /* ParticleErrorHelper.h */ = {isa = PBXFileReference; fileEncoding = 4; lastKnownFileType = sourcecode.c.h; name = ParticleErrorHelper.h; path = Helpers/ParticleErrorHelper.h; sourceTree = "<group>"; };
		C810B0BB68419CEE10A16B09 /* ParticleErrorHelper.m */ = {isa = PBXFileReference; fileEncoding = 4; lastKnownFileType = sourcecode.c.objc; name = ParticleErrorHelper.m; path = Helpers/ParticleErrorHelper.m; sourceTree = "<group>"; };
		C810B0CE042954AC880666F8 /* ParticleEvent.m */ = {isa = PBXFileReference; fileEncoding = 4; lastKnownFileType = sourcecode.c.objc; name = ParticleEvent.m; path = SDK/ParticleEvent.m; sourceTree = "<group>"; };
		C810B1E6CEE43B372124F091 /* ParticleDevice.h */ = {isa = PBXFileReference; fileEncoding = 4; lastKnownFileType = sourcecode.c.h; name = ParticleDevice.h; path = SDK/ParticleDevice.h; sourceTree = "<group>"; };
		C810B8244DD5E3F514CE68DA /* ParticleSession.h */ = {isa = PBXFileReference; fileEncoding = 4; lastKnownFileType = sourcecode.c.h; name = ParticleSession.h; path = SDK/ParticleSession.h; sourceTree = "<group>"; };
		C810BAC24A15FB7B56D7B06E /* ParticleEvent.h */ = {isa = PBXFileReference; fileEncoding = 4; lastKnownFileType = sourcecode.c.h; name = ParticleEvent.h; path = SDK/ParticleEvent.h; sourceTree = "<group>"; };
		C810BC3A57532BFB19C44AC1 /* ParticleCloud.m */ = {isa = PBXFileReference; fileEncoding = 4; lastKnownFileType = sourcecode.c.objc; name = ParticleCloud.m; path = SDK/ParticleCloud.m; sourceTree = "<group>"; };
		C810BD319450F917EFD70A65 /* ParticleSession.m */ = {isa = PBXFileReference; fileEncoding = 4; lastKnownFileType = sourcecode.c.objc; name = ParticleSession.m; path = SDK/ParticleSession.m; sourceTree = "<group>"; };
		C810BDEC8CD2D616568D2306 /* ParticleDevice.m */ = {isa = PBXFileReference; fileEncoding = 4; lastKnownFileType = sourcecode.c.objc; name = ParticleDevice.m; path = SDK/ParticleDevice.m; sourceTree = "<group>"; };
		EEA3C2FAF8A858A381A90725 /* Pods-ParticleSDKPods.debug.xcconfig */ = {isa = PBXFileReference; includeInIndex = 1; lastKnownFileType = text.xcconfig; name = "Pods-ParticleSDKPods.debug.xcconfig"; path = "Target Support Files/Pods-ParticleSDKPods/Pods-ParticleSDKPods.debug.xcconfig"; sourceTree = "<group>"; };
/* End PBXFileReference section */

/* Begin PBXFrameworksBuildPhase section */
		930EECB32397F7A00043D980 /* Frameworks */ = {
			isa = PBXFrameworksBuildPhase;
			buildActionMask = 2147483647;
			files = (
				930EECBB2397F7A00043D980 /* ParticleSDK.framework in Frameworks */,
				96CEC8BD9E3CA1601FACDB07 /* libPods-ParticleSDKPods-ParticleSDKTests.a in Frameworks */,
			);
			runOnlyForDeploymentPostprocessing = 0;
		};
		930EECE32397FA1A0043D980 /* Frameworks */ = {
			isa = PBXFrameworksBuildPhase;
			buildActionMask = 2147483647;
			files = (
			);
			runOnlyForDeploymentPostprocessing = 0;
		};
		9352CD3A210B8268005EB505 /* Frameworks */ = {
			isa = PBXFrameworksBuildPhase;
			buildActionMask = 2147483647;
			files = (
				936F14C3210B986A0095A12F /* AFNetworking.framework in Frameworks */,
			);
			runOnlyForDeploymentPostprocessing = 0;
		};
		93944D75210BAF6F00C2DC16 /* Frameworks */ = {
			isa = PBXFrameworksBuildPhase;
			buildActionMask = 2147483647;
			files = (
				604F6CF16FFFB58A8C6C685C /* libPods-ParticleSDKPods.a in Frameworks */,
			);
			runOnlyForDeploymentPostprocessing = 0;
		};
/* End PBXFrameworksBuildPhase section */

/* Begin PBXGroup section */
		50E840821E95D49C0038ED42 = {
			isa = PBXGroup;
			children = (
				93F9743620EA7E4300015D9D /* Supporting Files */,
				50E8408E1E95D49C0038ED42 /* ParticleSDK */,
				930EECB72397F7A00043D980 /* ParticleSDKTests */,
				930EECE72397FA1A0043D980 /* ParticleSDKTestsHost */,
				50E8408D1E95D49C0038ED42 /* Products */,
				B5482CF76B50CCE25B3C70FC /* Frameworks */,
				F5661A074AA2AC3929911AC6 /* Pods */,
			);
			sourceTree = "<group>";
		};
		50E8408D1E95D49C0038ED42 /* Products */ = {
			isa = PBXGroup;
			children = (
				9352CD4A210B8268005EB505 /* ParticleSDK.framework */,
				93944D85210BAF6F00C2DC16 /* ParticleSDK.framework */,
				930EECB62397F7A00043D980 /* ParticleSDKTests.xctest */,
				930EECE62397FA1A0043D980 /* ParticleSDKTestsHost.app */,
			);
			name = Products;
			sourceTree = "<group>";
		};
		50E8408E1E95D49C0038ED42 /* ParticleSDK */ = {
			isa = PBXGroup;
			children = (
				93FB8ACA21134A4C00C2CB2B /* Particle-SDK.h */,
				50E840991E95D6E90038ED42 /* Helpers */,
				C810B476D80296FC080C6A55 /* SDK */,
			);
			path = ParticleSDK;
			sourceTree = "<group>";
		};
		50E840991E95D6E90038ED42 /* Helpers */ = {
			isa = PBXGroup;
			children = (
				93F9744B20EA7F2200015D9D /* EventSource.h */,
				93F9744E20EA7F2200015D9D /* EventSource.m */,
				93F9744C20EA7F2200015D9D /* KeychainHelper.h */,
				93F9744D20EA7F2200015D9D /* KeychainHelper.m */,
				C810B035D36C9EB63EF1A92F /* ParticleErrorHelper.h */,
				C810B0BB68419CEE10A16B09 /* ParticleErrorHelper.m */,
				939CA80221AD906D00A5ED93 /* ParticleLogger.h */,
				939CA80321AD906D00A5ED93 /* ParticleLogger.m */,
			);
			name = Helpers;
			sourceTree = "<group>";
		};
		9305F5A2239FAF4A00F3620F /* SDK */ = {
			isa = PBXGroup;
			children = (
				9305F5A8239FB25F00F3620F /* ParticleCloudTests.swift */,
				9305F5AB23A1319700F3620F /* ParticleSessionTests.swift */,
			);
			path = SDK;
			sourceTree = "<group>";
		};
		930EECB72397F7A00043D980 /* ParticleSDKTests */ = {
			isa = PBXGroup;
			children = (
				930EED01239AAEB40043D980 /* Cases */,
				9305F5A7239FB25F00F3620F /* ParticleSDKTests-Bridging-Header.h */,
				930EECBA2397F7A00043D980 /* Info.plist */,
			);
			path = ParticleSDKTests;
			sourceTree = "<group>";
		};
		930EECE72397FA1A0043D980 /* ParticleSDKTestsHost */ = {
			isa = PBXGroup;
			children = (
				930EECE82397FA1A0043D980 /* AppDelegate.h */,
				930EECE92397FA1A0043D980 /* AppDelegate.m */,
				930EECEB2397FA1A0043D980 /* SceneDelegate.h */,
				930EECEC2397FA1A0043D980 /* SceneDelegate.m */,
				930EECEE2397FA1A0043D980 /* ViewController.h */,
				930EECEF2397FA1A0043D980 /* ViewController.m */,
				930EECF12397FA1A0043D980 /* Main.storyboard */,
				930EECF42397FA1B0043D980 /* Assets.xcassets */,
				930EECF62397FA1B0043D980 /* LaunchScreen.storyboard */,
				930EECF92397FA1B0043D980 /* Info.plist */,
				930EECFA2397FA1B0043D980 /* main.m */,
			);
			path = ParticleSDKTestsHost;
			sourceTree = "<group>";
		};
		930EED01239AAEB40043D980 /* Cases */ = {
			isa = PBXGroup;
			children = (
				9305F5A2239FAF4A00F3620F /* SDK */,
				930EED02239AAEBC0043D980 /* Helpers */,
			);
			path = Cases;
			sourceTree = "<group>";
		};
		930EED02239AAEBC0043D980 /* Helpers */ = {
			isa = PBXGroup;
			children = (
				9358DA3720FE2241003FF8DC /* KeychainHelperTests.m */,
				93E849B820F795A000CBEFEC /* ParticleErrorHelperTests.m */,
			);
			path = Helpers;
			sourceTree = "<group>";
		};
		93F9743620EA7E4300015D9D /* Supporting Files */ = {
			isa = PBXGroup;
			children = (
				9352CD4C210B8296005EB505 /* InfoPods.plist */,
				93F9743720EA7E5600015D9D /* InfoCarthage.plist */,
				93F9743820EA7E5600015D9D /* ParticleSDK.h */,
			);
			name = "Supporting Files";
			sourceTree = "<group>";
		};
		B5482CF76B50CCE25B3C70FC /* Frameworks */ = {
			isa = PBXGroup;
			children = (
				93331581210BA9C800BEFAD9 /* Security.framework */,
				93B6689C2109F90700DFF793 /* AFNetworking.framework */,
				1BA016110586E35DA989AB67 /* libPods-ParticleSDKPods.a */,
				062CEC15EC692AF8217196DA /* libPods-ParticleSDKPods-ParticleSDKTests.a */,
			);
			name = Frameworks;
			sourceTree = "<group>";
		};
		C810B476D80296FC080C6A55 /* SDK */ = {
			isa = PBXGroup;
			children = (
				93536EAE2257CFEC00A65A94 /* ParticleSimInfo.h */,
				93536EAD2257CFEC00A65A94 /* ParticleSimInfo.m */,
				93B0F83C2180D17C00D8F8C0 /* ParticlePricingInfo.h */,
				93B0F83D2180D17C00D8F8C0 /* ParticlePricingInfo.m */,
				5069CB2C215993C1000B842A /* ParticleNetwork.h */,
				5069CB2D215993C1000B842A /* ParticleNetwork.m */,
				C810B01CA34C4A6C2000B1A2 /* ParticleCloud.h */,
				C810BC3A57532BFB19C44AC1 /* ParticleCloud.m */,
				C810B1E6CEE43B372124F091 /* ParticleDevice.h */,
				C810BDEC8CD2D616568D2306 /* ParticleDevice.m */,
				C810BAC24A15FB7B56D7B06E /* ParticleEvent.h */,
				C810B0CE042954AC880666F8 /* ParticleEvent.m */,
				C810B8244DD5E3F514CE68DA /* ParticleSession.h */,
				C810BD319450F917EFD70A65 /* ParticleSession.m */,
			);
			name = SDK;
			sourceTree = "<group>";
		};
		F5661A074AA2AC3929911AC6 /* Pods */ = {
			isa = PBXGroup;
			children = (
				EEA3C2FAF8A858A381A90725 /* Pods-ParticleSDKPods.debug.xcconfig */,
				703FE20FE4C4BEFB88B42F49 /* Pods-ParticleSDKPods.release.xcconfig */,
				B16C42D9726BD9612468A815 /* Pods-ParticleSDKPods-ParticleSDKTests.debug.xcconfig */,
				8786FEA8D4397A4B9A515534 /* Pods-ParticleSDKPods-ParticleSDKTests.release.xcconfig */,
			);
			path = Pods;
			sourceTree = "<group>";
		};
/* End PBXGroup section */

/* Begin PBXHeadersBuildPhase section */
		9352CD3C210B8268005EB505 /* Headers */ = {
			isa = PBXHeadersBuildPhase;
			buildActionMask = 2147483647;
			files = (
				9352CD3D210B8268005EB505 /* ParticleErrorHelper.h in Headers */,
				9352CD3E210B8268005EB505 /* ParticleSDK.h in Headers */,
				93536EB22257CFEC00A65A94 /* ParticleSimInfo.h in Headers */,
				9352CD3F210B8268005EB505 /* EventSource.h in Headers */,
				9352CD40210B8268005EB505 /* KeychainHelper.h in Headers */,
				5069CB30215993D5000B842A /* ParticleNetwork.h in Headers */,
				9352CD41210B8268005EB505 /* ParticleCloud.h in Headers */,
				939CA80521AD906D00A5ED93 /* ParticleLogger.h in Headers */,
				9352CD42210B8268005EB505 /* ParticleDevice.h in Headers */,
				93B0F83F2180D17C00D8F8C0 /* ParticlePricingInfo.h in Headers */,
				9352CD43210B8268005EB505 /* ParticleEvent.h in Headers */,
				9352CD44210B8268005EB505 /* ParticleSession.h in Headers */,
			);
			runOnlyForDeploymentPostprocessing = 0;
		};
		93944D77210BAF6F00C2DC16 /* Headers */ = {
			isa = PBXHeadersBuildPhase;
			buildActionMask = 2147483647;
			files = (
				93944D78210BAF6F00C2DC16 /* ParticleErrorHelper.h in Headers */,
				93944D79210BAF6F00C2DC16 /* ParticleSDK.h in Headers */,
				93944D7A210BAF6F00C2DC16 /* EventSource.h in Headers */,
				93944D7B210BAF6F00C2DC16 /* KeychainHelper.h in Headers */,
				5069CB2E215993C1000B842A /* ParticleNetwork.h in Headers */,
				93944D7C210BAF6F00C2DC16 /* ParticleCloud.h in Headers */,
				93536EB12257CFEC00A65A94 /* ParticleSimInfo.h in Headers */,
				939CA80421AD906D00A5ED93 /* ParticleLogger.h in Headers */,
				93B0F83E2180D17C00D8F8C0 /* ParticlePricingInfo.h in Headers */,
				93944D7D210BAF6F00C2DC16 /* ParticleDevice.h in Headers */,
				93944D7E210BAF6F00C2DC16 /* ParticleEvent.h in Headers */,
				93944D7F210BAF6F00C2DC16 /* ParticleSession.h in Headers */,
			);
			runOnlyForDeploymentPostprocessing = 0;
		};
/* End PBXHeadersBuildPhase section */

/* Begin PBXNativeTarget section */
		930EECB52397F7A00043D980 /* ParticleSDKTests */ = {
			isa = PBXNativeTarget;
			buildConfigurationList = 930EECBE2397F7A00043D980 /* Build configuration list for PBXNativeTarget "ParticleSDKTests" */;
			buildPhases = (
				3CBFE42747B6E4CF7F385BE5 /* [CP] Check Pods Manifest.lock */,
				930EECB22397F7A00043D980 /* Sources */,
				930EECB32397F7A00043D980 /* Frameworks */,
				930EECB42397F7A00043D980 /* Resources */,
			);
			buildRules = (
			);
			dependencies = (
				930EECBD2397F7A00043D980 /* PBXTargetDependency */,
				930EED002397FA230043D980 /* PBXTargetDependency */,
			);
			name = ParticleSDKTests;
			productName = ParticleSDKTests;
			productReference = 930EECB62397F7A00043D980 /* ParticleSDKTests.xctest */;
			productType = "com.apple.product-type.bundle.unit-test";
		};
		930EECE52397FA1A0043D980 /* ParticleSDKTestsHost */ = {
			isa = PBXNativeTarget;
			buildConfigurationList = 930EECFC2397FA1B0043D980 /* Build configuration list for PBXNativeTarget "ParticleSDKTestsHost" */;
			buildPhases = (
				930EECE22397FA1A0043D980 /* Sources */,
				930EECE32397FA1A0043D980 /* Frameworks */,
				930EECE42397FA1A0043D980 /* Resources */,
			);
			buildRules = (
			);
			dependencies = (
			);
			name = ParticleSDKTestsHost;
			productName = ParticleSDKTestsHost;
			productReference = 930EECE62397FA1A0043D980 /* ParticleSDKTestsHost.app */;
			productType = "com.apple.product-type.application";
		};
		9352CD31210B8268005EB505 /* ParticleSDKCarthage */ = {
			isa = PBXNativeTarget;
			buildConfigurationList = 9352CD47210B8268005EB505 /* Build configuration list for PBXNativeTarget "ParticleSDKCarthage" */;
			buildPhases = (
				9352CD32210B8268005EB505 /* Sources */,
				9352CD3A210B8268005EB505 /* Frameworks */,
				9352CD3C210B8268005EB505 /* Headers */,
				9352CD45210B8268005EB505 /* Resources */,
				936F14C4210B98770095A12F /* Run Script */,
			);
			buildRules = (
			);
			dependencies = (
			);
			name = ParticleSDKCarthage;
			productName = ParticleSDK;
			productReference = 9352CD4A210B8268005EB505 /* ParticleSDK.framework */;
			productType = "com.apple.product-type.framework";
		};
		93944D6C210BAF6F00C2DC16 /* ParticleSDKPods */ = {
			isa = PBXNativeTarget;
			buildConfigurationList = 93944D82210BAF6F00C2DC16 /* Build configuration list for PBXNativeTarget "ParticleSDKPods" */;
			buildPhases = (
				422F3AEDE7A78436634CE4B1 /* [CP] Check Pods Manifest.lock */,
				93944D6D210BAF6F00C2DC16 /* Sources */,
				93944D75210BAF6F00C2DC16 /* Frameworks */,
				93944D77210BAF6F00C2DC16 /* Headers */,
				93944D80210BAF6F00C2DC16 /* Resources */,
			);
			buildRules = (
			);
			dependencies = (
			);
			name = ParticleSDKPods;
			productName = ParticleSDK;
			productReference = 93944D85210BAF6F00C2DC16 /* ParticleSDK.framework */;
			productType = "com.apple.product-type.framework";
		};
/* End PBXNativeTarget section */

/* Begin PBXProject section */
		50E840831E95D49C0038ED42 /* Project object */ = {
			isa = PBXProject;
			attributes = {
				LastSwiftUpdateCheck = 1120;
				LastUpgradeCheck = 1000;
				ORGANIZATIONNAME = "Particle Inc.";
				TargetAttributes = {
					930EECB52397F7A00043D980 = {
						CreatedOnToolsVersion = 11.2.1;
						DevelopmentTeam = TNJ67X9MQD;
						LastSwiftMigration = 1120;
						ProvisioningStyle = Automatic;
						TestTargetID = 930EECE52397FA1A0043D980;
					};
					930EECE52397FA1A0043D980 = {
						CreatedOnToolsVersion = 11.2.1;
						DevelopmentTeam = TNJ67X9MQD;
						ProvisioningStyle = Automatic;
					};
					9352CD31210B8268005EB505 = {
						DevelopmentTeam = TNJ67X9MQD;
						ProvisioningStyle = Automatic;
					};
					93944D6C210BAF6F00C2DC16 = {
						DevelopmentTeam = TNJ67X9MQD;
						ProvisioningStyle = Automatic;
					};
				};
			};
			buildConfigurationList = 50E840861E95D49C0038ED42 /* Build configuration list for PBXProject "ParticleSDK" */;
			compatibilityVersion = "Xcode 3.2";
			developmentRegion = English;
			hasScannedForEncodings = 0;
			knownRegions = (
				English,
				en,
				Base,
			);
			mainGroup = 50E840821E95D49C0038ED42;
			productRefGroup = 50E8408D1E95D49C0038ED42 /* Products */;
			projectDirPath = "";
			projectRoot = "";
			targets = (
				93944D6C210BAF6F00C2DC16 /* ParticleSDKPods */,
				9352CD31210B8268005EB505 /* ParticleSDKCarthage */,
				930EECB52397F7A00043D980 /* ParticleSDKTests */,
				930EECE52397FA1A0043D980 /* ParticleSDKTestsHost */,
			);
		};
/* End PBXProject section */

/* Begin PBXResourcesBuildPhase section */
		930EECB42397F7A00043D980 /* Resources */ = {
			isa = PBXResourcesBuildPhase;
			buildActionMask = 2147483647;
			files = (
			);
			runOnlyForDeploymentPostprocessing = 0;
		};
		930EECE42397FA1A0043D980 /* Resources */ = {
			isa = PBXResourcesBuildPhase;
			buildActionMask = 2147483647;
			files = (
				930EECF82397FA1B0043D980 /* LaunchScreen.storyboard in Resources */,
				930EECF52397FA1B0043D980 /* Assets.xcassets in Resources */,
				930EECF32397FA1A0043D980 /* Main.storyboard in Resources */,
			);
			runOnlyForDeploymentPostprocessing = 0;
		};
		9352CD45210B8268005EB505 /* Resources */ = {
			isa = PBXResourcesBuildPhase;
			buildActionMask = 2147483647;
			files = (
			);
			runOnlyForDeploymentPostprocessing = 0;
		};
		93944D80210BAF6F00C2DC16 /* Resources */ = {
			isa = PBXResourcesBuildPhase;
			buildActionMask = 2147483647;
			files = (
			);
			runOnlyForDeploymentPostprocessing = 0;
		};
/* End PBXResourcesBuildPhase section */

/* Begin PBXShellScriptBuildPhase section */
		3CBFE42747B6E4CF7F385BE5 /* [CP] Check Pods Manifest.lock */ = {
			isa = PBXShellScriptBuildPhase;
			buildActionMask = 2147483647;
			files = (
			);
			inputFileListPaths = (
			);
			inputPaths = (
				"${PODS_PODFILE_DIR_PATH}/Podfile.lock",
				"${PODS_ROOT}/Manifest.lock",
			);
			name = "[CP] Check Pods Manifest.lock";
			outputFileListPaths = (
			);
			outputPaths = (
				"$(DERIVED_FILE_DIR)/Pods-ParticleSDKPods-ParticleSDKTests-checkManifestLockResult.txt",
			);
			runOnlyForDeploymentPostprocessing = 0;
			shellPath = /bin/sh;
			shellScript = "diff \"${PODS_PODFILE_DIR_PATH}/Podfile.lock\" \"${PODS_ROOT}/Manifest.lock\" > /dev/null\nif [ $? != 0 ] ; then\n    # print error to STDERR\n    echo \"error: The sandbox is not in sync with the Podfile.lock. Run 'pod install' or update your CocoaPods installation.\" >&2\n    exit 1\nfi\n# This output is used by Xcode 'outputs' to avoid re-running this script phase.\necho \"SUCCESS\" > \"${SCRIPT_OUTPUT_FILE_0}\"\n";
			showEnvVarsInLog = 0;
		};
		422F3AEDE7A78436634CE4B1 /* [CP] Check Pods Manifest.lock */ = {
			isa = PBXShellScriptBuildPhase;
			buildActionMask = 2147483647;
			files = (
			);
			inputFileListPaths = (
			);
			inputPaths = (
				"${PODS_PODFILE_DIR_PATH}/Podfile.lock",
				"${PODS_ROOT}/Manifest.lock",
			);
			name = "[CP] Check Pods Manifest.lock";
			outputFileListPaths = (
			);
			outputPaths = (
				"$(DERIVED_FILE_DIR)/Pods-ParticleSDKPods-checkManifestLockResult.txt",
			);
			runOnlyForDeploymentPostprocessing = 0;
			shellPath = /bin/sh;
			shellScript = "diff \"${PODS_PODFILE_DIR_PATH}/Podfile.lock\" \"${PODS_ROOT}/Manifest.lock\" > /dev/null\nif [ $? != 0 ] ; then\n    # print error to STDERR\n    echo \"error: The sandbox is not in sync with the Podfile.lock. Run 'pod install' or update your CocoaPods installation.\" >&2\n    exit 1\nfi\n# This output is used by Xcode 'outputs' to avoid re-running this script phase.\necho \"SUCCESS\" > \"${SCRIPT_OUTPUT_FILE_0}\"\n";
			showEnvVarsInLog = 0;
		};
		936F14C4210B98770095A12F /* Run Script */ = {
			isa = PBXShellScriptBuildPhase;
			buildActionMask = 2147483647;
			files = (
			);
			inputPaths = (
				"$(SRCROOT)/Carthage/Build/iOS/AFNetworking.framework",
			);
			name = "Run Script";
			outputPaths = (
			);
			runOnlyForDeploymentPostprocessing = 0;
			shellPath = /bin/sh;
			shellScript = "/usr/local/bin/carthage copy-frameworks\n";
		};
/* End PBXShellScriptBuildPhase section */

/* Begin PBXSourcesBuildPhase section */
		930EECB22397F7A00043D980 /* Sources */ = {
			isa = PBXSourcesBuildPhase;
			buildActionMask = 2147483647;
			files = (
				9305F5AC23A1319700F3620F /* ParticleSessionTests.swift in Sources */,
				930EECC22397F7AC0043D980 /* ParticleErrorHelperTests.m in Sources */,
				9305F5A9239FB25F00F3620F /* ParticleCloudTests.swift in Sources */,
				930EECC12397F7AC0043D980 /* KeychainHelperTests.m in Sources */,
			);
			runOnlyForDeploymentPostprocessing = 0;
		};
		930EECE22397FA1A0043D980 /* Sources */ = {
			isa = PBXSourcesBuildPhase;
			buildActionMask = 2147483647;
			files = (
				930EECF02397FA1A0043D980 /* ViewController.m in Sources */,
				930EECEA2397FA1A0043D980 /* AppDelegate.m in Sources */,
				930EECFB2397FA1B0043D980 /* main.m in Sources */,
				930EECED2397FA1A0043D980 /* SceneDelegate.m in Sources */,
			);
			runOnlyForDeploymentPostprocessing = 0;
		};
		9352CD32210B8268005EB505 /* Sources */ = {
			isa = PBXSourcesBuildPhase;
			buildActionMask = 2147483647;
			files = (
				9352CD33210B8268005EB505 /* KeychainHelper.m in Sources */,
				9352CD34210B8268005EB505 /* EventSource.m in Sources */,
				93B0F8412180D17C00D8F8C0 /* ParticlePricingInfo.m in Sources */,
				93536EB02257CFEC00A65A94 /* ParticleSimInfo.m in Sources */,
				939CA80721AD906D00A5ED93 /* ParticleLogger.m in Sources */,
				5069CB4C215F3756000B842A /* ParticleNetwork.m in Sources */,
				9352CD35210B8268005EB505 /* ParticleErrorHelper.m in Sources */,
				9352CD36210B8268005EB505 /* ParticleCloud.m in Sources */,
				9352CD37210B8268005EB505 /* ParticleDevice.m in Sources */,
				9352CD38210B8268005EB505 /* ParticleEvent.m in Sources */,
				9352CD39210B8268005EB505 /* ParticleSession.m in Sources */,
			);
			runOnlyForDeploymentPostprocessing = 0;
		};
		93944D6D210BAF6F00C2DC16 /* Sources */ = {
			isa = PBXSourcesBuildPhase;
			buildActionMask = 2147483647;
			files = (
				93944D6E210BAF6F00C2DC16 /* KeychainHelper.m in Sources */,
				93944D6F210BAF6F00C2DC16 /* EventSource.m in Sources */,
				93B0F8402180D17C00D8F8C0 /* ParticlePricingInfo.m in Sources */,
				93536EAF2257CFEC00A65A94 /* ParticleSimInfo.m in Sources */,
				939CA80621AD906D00A5ED93 /* ParticleLogger.m in Sources */,
				5069CB2F215993C1000B842A /* ParticleNetwork.m in Sources */,
				93944D70210BAF6F00C2DC16 /* ParticleErrorHelper.m in Sources */,
				93944D71210BAF6F00C2DC16 /* ParticleCloud.m in Sources */,
				93944D72210BAF6F00C2DC16 /* ParticleDevice.m in Sources */,
				93944D73210BAF6F00C2DC16 /* ParticleEvent.m in Sources */,
				93944D74210BAF6F00C2DC16 /* ParticleSession.m in Sources */,
			);
			runOnlyForDeploymentPostprocessing = 0;
		};
/* End PBXSourcesBuildPhase section */

/* Begin PBXTargetDependency section */
		930EECBD2397F7A00043D980 /* PBXTargetDependency */ = {
			isa = PBXTargetDependency;
			target = 93944D6C210BAF6F00C2DC16 /* ParticleSDKPods */;
			targetProxy = 930EECBC2397F7A00043D980 /* PBXContainerItemProxy */;
		};
		930EED002397FA230043D980 /* PBXTargetDependency */ = {
			isa = PBXTargetDependency;
			target = 930EECE52397FA1A0043D980 /* ParticleSDKTestsHost */;
			targetProxy = 930EECFF2397FA230043D980 /* PBXContainerItemProxy */;
		};
/* End PBXTargetDependency section */

/* Begin PBXVariantGroup section */
		930EECF12397FA1A0043D980 /* Main.storyboard */ = {
			isa = PBXVariantGroup;
			children = (
				930EECF22397FA1A0043D980 /* Base */,
			);
			name = Main.storyboard;
			sourceTree = "<group>";
		};
		930EECF62397FA1B0043D980 /* LaunchScreen.storyboard */ = {
			isa = PBXVariantGroup;
			children = (
				930EECF72397FA1B0043D980 /* Base */,
			);
			name = LaunchScreen.storyboard;
			sourceTree = "<group>";
		};
/* End PBXVariantGroup section */

/* Begin XCBuildConfiguration section */
		50E840921E95D49C0038ED42 /* Debug */ = {
			isa = XCBuildConfiguration;
			buildSettings = {
				ALWAYS_SEARCH_USER_PATHS = NO;
				CLANG_ANALYZER_NONNULL = YES;
				CLANG_ANALYZER_NUMBER_OBJECT_CONVERSION = YES_AGGRESSIVE;
				CLANG_CXX_LANGUAGE_STANDARD = "gnu++0x";
				CLANG_CXX_LIBRARY = "libc++";
				CLANG_ENABLE_MODULES = YES;
				CLANG_ENABLE_OBJC_ARC = YES;
				CLANG_WARN_BLOCK_CAPTURE_AUTORELEASING = YES;
				CLANG_WARN_BOOL_CONVERSION = YES;
				CLANG_WARN_COMMA = YES;
				CLANG_WARN_CONSTANT_CONVERSION = YES;
				CLANG_WARN_DEPRECATED_OBJC_IMPLEMENTATIONS = YES;
				CLANG_WARN_DIRECT_OBJC_ISA_USAGE = YES_ERROR;
				CLANG_WARN_DOCUMENTATION_COMMENTS = YES;
				CLANG_WARN_EMPTY_BODY = YES;
				CLANG_WARN_ENUM_CONVERSION = YES;
				CLANG_WARN_INFINITE_RECURSION = YES;
				CLANG_WARN_INT_CONVERSION = YES;
				CLANG_WARN_NON_LITERAL_NULL_CONVERSION = YES;
				CLANG_WARN_OBJC_IMPLICIT_RETAIN_SELF = YES;
				CLANG_WARN_OBJC_LITERAL_CONVERSION = YES;
				CLANG_WARN_OBJC_ROOT_CLASS = YES_ERROR;
				CLANG_WARN_RANGE_LOOP_ANALYSIS = YES;
				CLANG_WARN_STRICT_PROTOTYPES = YES;
				CLANG_WARN_SUSPICIOUS_MOVE = YES;
				CLANG_WARN_UNREACHABLE_CODE = YES;
				CLANG_WARN__DUPLICATE_METHOD_MATCH = YES;
				"CODE_SIGN_IDENTITY[sdk=iphoneos*]" = "iPhone Developer";
				COPY_PHASE_STRIP = NO;
				CURRENT_PROJECT_VERSION = 1;
				DEBUG_INFORMATION_FORMAT = dwarf;
				ENABLE_STRICT_OBJC_MSGSEND = YES;
				ENABLE_TESTABILITY = YES;
				GCC_C_LANGUAGE_STANDARD = gnu99;
				GCC_DYNAMIC_NO_PIC = NO;
				GCC_NO_COMMON_BLOCKS = YES;
				GCC_OPTIMIZATION_LEVEL = 0;
				GCC_PREPROCESSOR_DEFINITIONS = (
					"DEBUG=1",
					"$(inherited)",
				);
				GCC_WARN_64_TO_32_BIT_CONVERSION = YES;
				GCC_WARN_ABOUT_RETURN_TYPE = YES_ERROR;
				GCC_WARN_UNDECLARED_SELECTOR = YES;
				GCC_WARN_UNINITIALIZED_AUTOS = YES_AGGRESSIVE;
				GCC_WARN_UNUSED_FUNCTION = YES;
				GCC_WARN_UNUSED_VARIABLE = YES;
				IPHONEOS_DEPLOYMENT_TARGET = 10.3;
				MTL_ENABLE_DEBUG_INFO = YES;
				ONLY_ACTIVE_ARCH = YES;
				SDKROOT = iphoneos;
				TARGETED_DEVICE_FAMILY = "1,2";
				VERSIONING_SYSTEM = "apple-generic";
				VERSION_INFO_PREFIX = "";
			};
			name = Debug;
		};
		50E840931E95D49C0038ED42 /* Release */ = {
			isa = XCBuildConfiguration;
			buildSettings = {
				ALWAYS_SEARCH_USER_PATHS = NO;
				CLANG_ANALYZER_NONNULL = YES;
				CLANG_ANALYZER_NUMBER_OBJECT_CONVERSION = YES_AGGRESSIVE;
				CLANG_CXX_LANGUAGE_STANDARD = "gnu++0x";
				CLANG_CXX_LIBRARY = "libc++";
				CLANG_ENABLE_MODULES = YES;
				CLANG_ENABLE_OBJC_ARC = YES;
				CLANG_WARN_BLOCK_CAPTURE_AUTORELEASING = YES;
				CLANG_WARN_BOOL_CONVERSION = YES;
				CLANG_WARN_COMMA = YES;
				CLANG_WARN_CONSTANT_CONVERSION = YES;
				CLANG_WARN_DEPRECATED_OBJC_IMPLEMENTATIONS = YES;
				CLANG_WARN_DIRECT_OBJC_ISA_USAGE = YES_ERROR;
				CLANG_WARN_DOCUMENTATION_COMMENTS = YES;
				CLANG_WARN_EMPTY_BODY = YES;
				CLANG_WARN_ENUM_CONVERSION = YES;
				CLANG_WARN_INFINITE_RECURSION = YES;
				CLANG_WARN_INT_CONVERSION = YES;
				CLANG_WARN_NON_LITERAL_NULL_CONVERSION = YES;
				CLANG_WARN_OBJC_IMPLICIT_RETAIN_SELF = YES;
				CLANG_WARN_OBJC_LITERAL_CONVERSION = YES;
				CLANG_WARN_OBJC_ROOT_CLASS = YES_ERROR;
				CLANG_WARN_RANGE_LOOP_ANALYSIS = YES;
				CLANG_WARN_STRICT_PROTOTYPES = YES;
				CLANG_WARN_SUSPICIOUS_MOVE = YES;
				CLANG_WARN_UNREACHABLE_CODE = YES;
				CLANG_WARN__DUPLICATE_METHOD_MATCH = YES;
				"CODE_SIGN_IDENTITY[sdk=iphoneos*]" = "iPhone Developer";
				COPY_PHASE_STRIP = NO;
				CURRENT_PROJECT_VERSION = 1;
				DEBUG_INFORMATION_FORMAT = "dwarf-with-dsym";
				ENABLE_NS_ASSERTIONS = NO;
				ENABLE_STRICT_OBJC_MSGSEND = YES;
				GCC_C_LANGUAGE_STANDARD = gnu99;
				GCC_NO_COMMON_BLOCKS = YES;
				GCC_WARN_64_TO_32_BIT_CONVERSION = YES;
				GCC_WARN_ABOUT_RETURN_TYPE = YES_ERROR;
				GCC_WARN_UNDECLARED_SELECTOR = YES;
				GCC_WARN_UNINITIALIZED_AUTOS = YES_AGGRESSIVE;
				GCC_WARN_UNUSED_FUNCTION = YES;
				GCC_WARN_UNUSED_VARIABLE = YES;
				IPHONEOS_DEPLOYMENT_TARGET = 10.3;
				MTL_ENABLE_DEBUG_INFO = NO;
				SDKROOT = iphoneos;
				TARGETED_DEVICE_FAMILY = "1,2";
				VALIDATE_PRODUCT = YES;
				VERSIONING_SYSTEM = "apple-generic";
				VERSION_INFO_PREFIX = "";
			};
			name = Release;
		};
		930EECBF2397F7A00043D980 /* Debug */ = {
			isa = XCBuildConfiguration;
			baseConfigurationReference = B16C42D9726BD9612468A815 /* Pods-ParticleSDKPods-ParticleSDKTests.debug.xcconfig */;
			buildSettings = {
				CLANG_CXX_LANGUAGE_STANDARD = "gnu++14";
				CLANG_ENABLE_MODULES = YES;
				CLANG_ENABLE_OBJC_WEAK = YES;
				CLANG_WARN_UNGUARDED_AVAILABILITY = YES_AGGRESSIVE;
				CODE_SIGN_STYLE = Automatic;
				DEVELOPMENT_TEAM = TNJ67X9MQD;
				GCC_C_LANGUAGE_STANDARD = gnu11;
				INFOPLIST_FILE = ParticleSDKTests/Info.plist;
				IPHONEOS_DEPLOYMENT_TARGET = 13.2;
				LD_RUNPATH_SEARCH_PATHS = "$(inherited) @executable_path/Frameworks @loader_path/Frameworks";
				MTL_ENABLE_DEBUG_INFO = INCLUDE_SOURCE;
				MTL_FAST_MATH = YES;
				PRODUCT_BUNDLE_IDENTIFIER = io.particle.ParticleSDKTests;
				PRODUCT_NAME = "$(TARGET_NAME)";
				SWIFT_OBJC_BRIDGING_HEADER = "ParticleSDKTests/ParticleSDKTests-Bridging-Header.h";
				SWIFT_OPTIMIZATION_LEVEL = "-Onone";
				SWIFT_VERSION = 5.0;
				TARGETED_DEVICE_FAMILY = "1,2";
				TEST_HOST = "$(BUILT_PRODUCTS_DIR)/ParticleSDKTestsHost.app/ParticleSDKTestsHost";
			};
			name = Debug;
		};
		930EECC02397F7A00043D980 /* Release */ = {
			isa = XCBuildConfiguration;
			baseConfigurationReference = 8786FEA8D4397A4B9A515534 /* Pods-ParticleSDKPods-ParticleSDKTests.release.xcconfig */;
			buildSettings = {
				CLANG_CXX_LANGUAGE_STANDARD = "gnu++14";
				CLANG_ENABLE_MODULES = YES;
				CLANG_ENABLE_OBJC_WEAK = YES;
				CLANG_WARN_UNGUARDED_AVAILABILITY = YES_AGGRESSIVE;
				CODE_SIGN_STYLE = Automatic;
				DEVELOPMENT_TEAM = TNJ67X9MQD;
				GCC_C_LANGUAGE_STANDARD = gnu11;
				INFOPLIST_FILE = ParticleSDKTests/Info.plist;
				IPHONEOS_DEPLOYMENT_TARGET = 13.2;
				LD_RUNPATH_SEARCH_PATHS = "$(inherited) @executable_path/Frameworks @loader_path/Frameworks";
				MTL_FAST_MATH = YES;
				PRODUCT_BUNDLE_IDENTIFIER = io.particle.ParticleSDKTests;
				PRODUCT_NAME = "$(TARGET_NAME)";
				SWIFT_OBJC_BRIDGING_HEADER = "ParticleSDKTests/ParticleSDKTests-Bridging-Header.h";
				SWIFT_VERSION = 5.0;
				TARGETED_DEVICE_FAMILY = "1,2";
				TEST_HOST = "$(BUILT_PRODUCTS_DIR)/ParticleSDKTestsHost.app/ParticleSDKTestsHost";
			};
			name = Release;
		};
		930EECFD2397FA1B0043D980 /* Debug */ = {
			isa = XCBuildConfiguration;
			buildSettings = {
				ASSETCATALOG_COMPILER_APPICON_NAME = AppIcon;
				CLANG_CXX_LANGUAGE_STANDARD = "gnu++14";
				CLANG_ENABLE_OBJC_WEAK = YES;
				CLANG_WARN_UNGUARDED_AVAILABILITY = YES_AGGRESSIVE;
				CODE_SIGN_STYLE = Automatic;
				DEVELOPMENT_TEAM = TNJ67X9MQD;
				GCC_C_LANGUAGE_STANDARD = gnu11;
				INFOPLIST_FILE = ParticleSDKTestsHost/Info.plist;
				IPHONEOS_DEPLOYMENT_TARGET = 13.2;
				LD_RUNPATH_SEARCH_PATHS = "$(inherited) @executable_path/Frameworks";
				MTL_ENABLE_DEBUG_INFO = INCLUDE_SOURCE;
				MTL_FAST_MATH = YES;
				PRODUCT_BUNDLE_IDENTIFIER = io.particle.ParticleSDKTestsHost;
				PRODUCT_NAME = "$(TARGET_NAME)";
				TARGETED_DEVICE_FAMILY = "1,2";
			};
			name = Debug;
		};
		930EECFE2397FA1B0043D980 /* Release */ = {
			isa = XCBuildConfiguration;
			buildSettings = {
				ASSETCATALOG_COMPILER_APPICON_NAME = AppIcon;
				CLANG_CXX_LANGUAGE_STANDARD = "gnu++14";
				CLANG_ENABLE_OBJC_WEAK = YES;
				CLANG_WARN_UNGUARDED_AVAILABILITY = YES_AGGRESSIVE;
				CODE_SIGN_STYLE = Automatic;
				DEVELOPMENT_TEAM = TNJ67X9MQD;
				GCC_C_LANGUAGE_STANDARD = gnu11;
				INFOPLIST_FILE = ParticleSDKTestsHost/Info.plist;
				IPHONEOS_DEPLOYMENT_TARGET = 13.2;
				LD_RUNPATH_SEARCH_PATHS = "$(inherited) @executable_path/Frameworks";
				MTL_FAST_MATH = YES;
				PRODUCT_BUNDLE_IDENTIFIER = io.particle.ParticleSDKTestsHost;
				PRODUCT_NAME = "$(TARGET_NAME)";
				TARGETED_DEVICE_FAMILY = "1,2";
			};
			name = Release;
		};
		9352CD48210B8268005EB505 /* Debug */ = {
			isa = XCBuildConfiguration;
			buildSettings = {
				ALWAYS_SEARCH_USER_PATHS = NO;
				CODE_SIGN_IDENTITY = "";
				"CODE_SIGN_IDENTITY[sdk=macosx*]" = "Apple Development";
				CODE_SIGN_STYLE = Automatic;
				DEFINES_MODULE = YES;
				DEVELOPMENT_TEAM = "";
				DYLIB_COMPATIBILITY_VERSION = 1;
				DYLIB_CURRENT_VERSION = 1;
				DYLIB_INSTALL_NAME_BASE = "@rpath";
				FRAMEWORK_SEARCH_PATHS = (
					"$(PROJECT_DIR)",
					"$(PROJECT_DIR)/Carthage/Build/iOS",
				);
				GCC_PREPROCESSOR_DEFINITIONS = (
					"DEBUG=1",
					"$(inherited)",
					"USE_FRAMEWORKS=1",
				);
				INFOPLIST_FILE = "$(SRCROOT)/Framework/InfoPods.plist";
				INSTALL_PATH = "$(LOCAL_LIBRARY_DIR)/Frameworks";
				LD_RUNPATH_SEARCH_PATHS = "$(inherited) @executable_path/Frameworks @loader_path/Frameworks";
				PRODUCT_BUNDLE_IDENTIFIER = io.particle.ParticleSDK;
				PRODUCT_MODULE_NAME = "$(PRODUCT_NAME:c99extidentifier)";
				PRODUCT_NAME = ParticleSDK;
				PROVISIONING_PROFILE_SPECIFIER = "";
				SKIP_INSTALL = YES;
				USER_HEADER_SEARCH_PATHS = "";
				VALID_ARCHS = "arm64 armv7 armv7s x86_64";
			};
			name = Debug;
		};
		9352CD49210B8268005EB505 /* Release */ = {
			isa = XCBuildConfiguration;
			buildSettings = {
				ALWAYS_SEARCH_USER_PATHS = NO;
				CODE_SIGN_IDENTITY = "";
				"CODE_SIGN_IDENTITY[sdk=macosx*]" = "Apple Development";
				CODE_SIGN_STYLE = Automatic;
				DEFINES_MODULE = YES;
				DEVELOPMENT_TEAM = "";
				DYLIB_COMPATIBILITY_VERSION = 1;
				DYLIB_CURRENT_VERSION = 1;
				DYLIB_INSTALL_NAME_BASE = "@rpath";
				FRAMEWORK_SEARCH_PATHS = (
					"$(PROJECT_DIR)",
					"$(PROJECT_DIR)/Carthage/Build/iOS",
				);
				GCC_PREPROCESSOR_DEFINITIONS = "USE_FRAMEWORKS=1";
				INFOPLIST_FILE = "$(SRCROOT)/Framework/InfoPods.plist";
				INSTALL_PATH = "$(LOCAL_LIBRARY_DIR)/Frameworks";
				LD_RUNPATH_SEARCH_PATHS = "$(inherited) @executable_path/Frameworks @loader_path/Frameworks";
				PRODUCT_BUNDLE_IDENTIFIER = io.particle.ParticleSDK;
				PRODUCT_MODULE_NAME = "$(PRODUCT_NAME:c99extidentifier)";
				PRODUCT_NAME = ParticleSDK;
				PROVISIONING_PROFILE_SPECIFIER = "";
				SKIP_INSTALL = YES;
				USER_HEADER_SEARCH_PATHS = "";
				VALID_ARCHS = "arm64 armv7 armv7s x86_64";
			};
			name = Release;
		};
		93944D83210BAF6F00C2DC16 /* Debug */ = {
			isa = XCBuildConfiguration;
			baseConfigurationReference = EEA3C2FAF8A858A381A90725 /* Pods-ParticleSDKPods.debug.xcconfig */;
			buildSettings = {
				ALWAYS_SEARCH_USER_PATHS = NO;
				CODE_SIGN_IDENTITY = "Apple Development";
				CODE_SIGN_STYLE = Automatic;
				DEFINES_MODULE = YES;
				DEVELOPMENT_TEAM = TNJ67X9MQD;
				DYLIB_COMPATIBILITY_VERSION = 1;
				DYLIB_CURRENT_VERSION = 1;
				DYLIB_INSTALL_NAME_BASE = "@rpath";
				FRAMEWORK_SEARCH_PATHS = (
					"$(PROJECT_DIR)",
					"$(PROJECT_DIR)/Carthage/Build/iOS",
				);
				GCC_PREPROCESSOR_DEFINITIONS = "$(inherited)";
				INFOPLIST_FILE = "$(SRCROOT)/Framework/InfoPods.plist";
				INSTALL_PATH = "$(LOCAL_LIBRARY_DIR)/Frameworks";
				LD_RUNPATH_SEARCH_PATHS = "$(inherited) @executable_path/Frameworks @loader_path/Frameworks";
				PRODUCT_BUNDLE_IDENTIFIER = io.particle.ParticleSDK;
				PRODUCT_NAME = ParticleSDK;
				PROVISIONING_PROFILE_SPECIFIER = "";
				SKIP_INSTALL = YES;
				USER_HEADER_SEARCH_PATHS = "";
				VALID_ARCHS = "arm64 armv7 armv7s x86_64";
			};
			name = Debug;
		};
		93944D84210BAF6F00C2DC16 /* Release */ = {
			isa = XCBuildConfiguration;
			baseConfigurationReference = 703FE20FE4C4BEFB88B42F49 /* Pods-ParticleSDKPods.release.xcconfig */;
			buildSettings = {
				ALWAYS_SEARCH_USER_PATHS = NO;
				CODE_SIGN_IDENTITY = "Apple Development";
				CODE_SIGN_STYLE = Automatic;
				DEFINES_MODULE = YES;
				DEVELOPMENT_TEAM = TNJ67X9MQD;
				DYLIB_COMPATIBILITY_VERSION = 1;
				DYLIB_CURRENT_VERSION = 1;
				DYLIB_INSTALL_NAME_BASE = "@rpath";
				FRAMEWORK_SEARCH_PATHS = (
					"$(PROJECT_DIR)",
					"$(PROJECT_DIR)/Carthage/Build/iOS",
				);
				GCC_PREPROCESSOR_DEFINITIONS = "";
				INFOPLIST_FILE = "$(SRCROOT)/Framework/InfoPods.plist";
				INSTALL_PATH = "$(LOCAL_LIBRARY_DIR)/Frameworks";
				LD_RUNPATH_SEARCH_PATHS = "$(inherited) @executable_path/Frameworks @loader_path/Frameworks";
				PRODUCT_BUNDLE_IDENTIFIER = io.particle.ParticleSDK;
				PRODUCT_NAME = ParticleSDK;
				PROVISIONING_PROFILE_SPECIFIER = "";
				SKIP_INSTALL = YES;
				USER_HEADER_SEARCH_PATHS = "";
				VALID_ARCHS = "arm64 armv7 armv7s x86_64";
			};
			name = Release;
		};
/* End XCBuildConfiguration section */

/* Begin XCConfigurationList section */
		50E840861E95D49C0038ED42 /* Build configuration list for PBXProject "ParticleSDK" */ = {
			isa = XCConfigurationList;
			buildConfigurations = (
				50E840921E95D49C0038ED42 /* Debug */,
				50E840931E95D49C0038ED42 /* Release */,
			);
			defaultConfigurationIsVisible = 0;
			defaultConfigurationName = Release;
		};
		930EECBE2397F7A00043D980 /* Build configuration list for PBXNativeTarget "ParticleSDKTests" */ = {
			isa = XCConfigurationList;
			buildConfigurations = (
				930EECBF2397F7A00043D980 /* Debug */,
				930EECC02397F7A00043D980 /* Release */,
			);
			defaultConfigurationIsVisible = 0;
			defaultConfigurationName = Release;
		};
		930EECFC2397FA1B0043D980 /* Build configuration list for PBXNativeTarget "ParticleSDKTestsHost" */ = {
			isa = XCConfigurationList;
			buildConfigurations = (
				930EECFD2397FA1B0043D980 /* Debug */,
				930EECFE2397FA1B0043D980 /* Release */,
			);
			defaultConfigurationIsVisible = 0;
			defaultConfigurationName = Release;
		};
		9352CD47210B8268005EB505 /* Build configuration list for PBXNativeTarget "ParticleSDKCarthage" */ = {
			isa = XCConfigurationList;
			buildConfigurations = (
				9352CD48210B8268005EB505 /* Debug */,
				9352CD49210B8268005EB505 /* Release */,
			);
			defaultConfigurationIsVisible = 0;
			defaultConfigurationName = Release;
		};
		93944D82210BAF6F00C2DC16 /* Build configuration list for PBXNativeTarget "ParticleSDKPods" */ = {
			isa = XCConfigurationList;
			buildConfigurations = (
				93944D83210BAF6F00C2DC16 /* Debug */,
				93944D84210BAF6F00C2DC16 /* Release */,
			);
			defaultConfigurationIsVisible = 0;
			defaultConfigurationName = Release;
		};
/* End XCConfigurationList section */
	};
	rootObject = 50E840831E95D49C0038ED42 /* Project object */;
}
